
Microsoft Visual Studio Solution File, Format Version 12.00
# Visual Studio Version 16
VisualStudioVersion = 16.0.30611.23
MinimumVisualStudioVersion = 10.0.40219.1
Project("{FAE04EC0-301F-11D3-BF4B-00C04F79EFBC}") = "Dealius", "Dealius\Dealius.csproj", "{7941F03F-DBD5-4367-B0D1-F7872AAC0F29}"
EndProject
Global
	GlobalSection(SolutionConfigurationPlatforms) = preSolution
		Debug|Any CPU = Debug|Any CPU
		Release|Any CPU = Release|Any CPU
	EndGlobalSection
	GlobalSection(ProjectConfigurationPlatforms) = postSolution
		{7941F03F-DBD5-4367-B0D1-F7872AAC0F29}.Debug|Any CPU.ActiveCfg = Debug|Any CPU
		{7941F03F-DBD5-4367-B0D1-F7872AAC0F29}.Debug|Any CPU.Build.0 = Debug|Any CPU
		{7941F03F-DBD5-4367-B0D1-F7872AAC0F29}.Release|Any CPU.ActiveCfg = Release|Any CPU
		{7941F03F-DBD5-4367-B0D1-F7872AAC0F29}.Release|Any CPU.Build.0 = Release|Any CPU
	EndGlobalSection
	GlobalSection(SolutionProperties) = preSolution
		HideSolutionNode = FALSE
	EndGlobalSection
	GlobalSection(ExtensibilityGlobals) = postSolution
		SolutionGuid = {80A5B5AD-7859-49A0-A4F0-F772BC63A9AF}
	EndGlobalSection
EndGlobal
